
Microsoft Visual Studio Solution File, Format Version 12.00
# Visual Studio Version 17
VisualStudioVersion = 17.5.002.0
MinimumVisualStudioVersion = 10.0.40219.1
Project("{9A19103F-16F7-4668-BE54-9A1E7A4F7556}") = "DesafioFundamentos", "DesafioFundamentos\DesafioFundamentos.csproj", "{7ECEF006-DA61-4EF3-808A-58C7D57BE30E}"
EndProject
Global
	GlobalSection(SolutionConfigurationPlatforms) = preSolution
		Debug|Any CPU = Debug|Any CPU
		Release|Any CPU = Release|Any CPU
	EndGlobalSection
	GlobalSection(ProjectConfigurationPlatforms) = postSolution
		{7ECEF006-DA61-4EF3-808A-58C7D57BE30E}.Debug|Any CPU.ActiveCfg = Debug|Any CPU
		{7ECEF006-DA61-4EF3-808A-58C7D57BE30E}.Debug|Any CPU.Build.0 = Debug|Any CPU
		{7ECEF006-DA61-4EF3-808A-58C7D57BE30E}.Release|Any CPU.ActiveCfg = Release|Any CPU
		{7ECEF006-DA61-4EF3-808A-58C7D57BE30E}.Release|Any CPU.Build.0 = Release|Any CPU
	EndGlobalSection
	GlobalSection(SolutionProperties) = preSolution
		HideSolutionNode = FALSE
	EndGlobalSection
	GlobalSection(ExtensibilityGlobals) = postSolution
		SolutionGuid = {8CFD9505-42BC-4171-95A2-991129A88C5C}
	EndGlobalSection
EndGlobal
